// !$*UTF8*$!
{
	archiveVersion = 1;
	classes = {
	};
	objectVersion = 56;
	objects = {

/* Begin PBXBuildFile section */
		0E1F3C0B2AFFD2200009697A /* Swinject in Frameworks */ = {isa = PBXBuildFile; productRef = 0E1F3C0A2AFFD2200009697A /* Swinject */; };
		0E1F3C112AFFD2460009697A /* Alamofire in Frameworks */ = {isa = PBXBuildFile; productRef = 0E1F3C102AFFD2460009697A /* Alamofire */; };
		0E1F3C1A2AFFD28E0009697A /* Mockingbird in Frameworks */ = {isa = PBXBuildFile; productRef = 0E1F3C192AFFD28E0009697A /* Mockingbird */; };
		0E1F3C1C2AFFD29A0009697A /* Mockingbird in Frameworks */ = {isa = PBXBuildFile; productRef = 0E1F3C1B2AFFD29A0009697A /* Mockingbird */; };
		0E1F3C1E2AFFD3D20009697A /* ResourcesPath.swift in Sources */ = {isa = PBXBuildFile; fileRef = 0E1F3C1D2AFFD3D20009697A /* ResourcesPath.swift */; };
		0E1F3C202AFFD42E0009697A /* VilkiPalkiPaths.swift in Sources */ = {isa = PBXBuildFile; fileRef = 0E1F3C1F2AFFD42E0009697A /* VilkiPalkiPaths.swift */; };
		0E1F3C222AFFD4F60009697A /* RemotePathProvider.swift in Sources */ = {isa = PBXBuildFile; fileRef = 0E1F3C212AFFD4F60009697A /* RemotePathProvider.swift */; };
		0E1F3C242AFFD5770009697A /* RemotePaths.swift in Sources */ = {isa = PBXBuildFile; fileRef = 0E1F3C232AFFD5770009697A /* RemotePaths.swift */; };
		0E1F3C262AFFD7D40009697A /* RepositoryError.swift in Sources */ = {isa = PBXBuildFile; fileRef = 0E1F3C252AFFD7D40009697A /* RepositoryError.swift */; };
		0E1F3C282AFFD8490009697A /* RestarauntMenuView.swift in Sources */ = {isa = PBXBuildFile; fileRef = 0E1F3C272AFFD8490009697A /* RestarauntMenuView.swift */; };
		0E1F3C2A2AFFDCE60009697A /* ProductItem.swift in Sources */ = {isa = PBXBuildFile; fileRef = 0E1F3C292AFFDCE60009697A /* ProductItem.swift */; };
		0E1F3C2C2AFFDFBB0009697A /* ProductsRepository.swift in Sources */ = {isa = PBXBuildFile; fileRef = 0E1F3C2B2AFFDFBB0009697A /* ProductsRepository.swift */; };
		0E1F3C2F2AFFED110009697A /* README.MD in Resources */ = {isa = PBXBuildFile; fileRef = 0E1F3C2E2AFFED110009697A /* README.MD */; };
		0E2B4F922B03B78E00AB9D91 /* SDWebImageSwiftUI in Frameworks */ = {isa = PBXBuildFile; productRef = 0E2B4F912B03B78E00AB9D91 /* SDWebImageSwiftUI */; };
		0E65576D2AEFE51B00CB4094 /* generic_food_delivery_appApp.swift in Sources */ = {isa = PBXBuildFile; fileRef = 0E65576C2AEFE51B00CB4094 /* generic_food_delivery_appApp.swift */; };
		0E65576F2AEFE51B00CB4094 /* ContentView.swift in Sources */ = {isa = PBXBuildFile; fileRef = 0E65576E2AEFE51B00CB4094 /* ContentView.swift */; };
		0E6557712AEFE52200CB4094 /* Assets.xcassets in Resources */ = {isa = PBXBuildFile; fileRef = 0E6557702AEFE52200CB4094 /* Assets.xcassets */; };
		0E6557742AEFE52200CB4094 /* Preview Assets.xcassets in Resources */ = {isa = PBXBuildFile; fileRef = 0E6557732AEFE52200CB4094 /* Preview Assets.xcassets */; };
		0E65577E2AEFE52200CB4094 /* generic_food_delivery_appTests.swift in Sources */ = {isa = PBXBuildFile; fileRef = 0E65577D2AEFE52200CB4094 /* generic_food_delivery_appTests.swift */; };
		0E6557882AEFE52200CB4094 /* generic_food_delivery_appUITests.swift in Sources */ = {isa = PBXBuildFile; fileRef = 0E6557872AEFE52200CB4094 /* generic_food_delivery_appUITests.swift */; };
		0E65578A2AEFE52200CB4094 /* generic_food_delivery_appUITestsLaunchTests.swift in Sources */ = {isa = PBXBuildFile; fileRef = 0E6557892AEFE52200CB4094 /* generic_food_delivery_appUITestsLaunchTests.swift */; };
		0E65579C2AEFE5EF00CB4094 /* ViewStateStore.swift in Sources */ = {isa = PBXBuildFile; fileRef = 0E65579B2AEFE5EF00CB4094 /* ViewStateStore.swift */; };
		0E65579F2AEFE8A600CB4094 /* AccountView.swift in Sources */ = {isa = PBXBuildFile; fileRef = 0E65579E2AEFE8A600CB4094 /* AccountView.swift */; };
		0E6557A12AEFE9D700CB4094 /* Customer.swift in Sources */ = {isa = PBXBuildFile; fileRef = 0E6557A02AEFE9D700CB4094 /* Customer.swift */; };
		0E6557A32AEFEB5C00CB4094 /* AccountRepository.swift in Sources */ = {isa = PBXBuildFile; fileRef = 0E6557A22AEFEB5C00CB4094 /* AccountRepository.swift */; };
		0E6557A52AEFEBF800CB4094 /* UserDefaultsNames.swift in Sources */ = {isa = PBXBuildFile; fileRef = 0E6557A42AEFEBF800CB4094 /* UserDefaultsNames.swift */; };
		0E6557A72AEFEC2600CB4094 /* AccountUserDefaults.swift in Sources */ = {isa = PBXBuildFile; fileRef = 0E6557A62AEFEC2600CB4094 /* AccountUserDefaults.swift */; };
		0E6557A92AEFF00F00CB4094 /* AccountViewStateStore.swift in Sources */ = {isa = PBXBuildFile; fileRef = 0E6557A82AEFF00F00CB4094 /* AccountViewStateStore.swift */; };
		0E6557AB2AEFFD2100CB4094 /* AccountUserInputValidator.swift in Sources */ = {isa = PBXBuildFile; fileRef = 0E6557AA2AEFFD2100CB4094 /* AccountUserInputValidator.swift */; };
		0E6557AD2AEFFD7700CB4094 /* AccountInteractor.swift in Sources */ = {isa = PBXBuildFile; fileRef = 0E6557AC2AEFFD7700CB4094 /* AccountInteractor.swift */; };
		0E6557AF2AF005FD00CB4094 /* Result+Extension.swift in Sources */ = {isa = PBXBuildFile; fileRef = 0E6557AE2AF005FD00CB4094 /* Result+Extension.swift */; };
		0E830F532B0007A60002F354 /* Restaraunt.swift in Sources */ = {isa = PBXBuildFile; fileRef = 0E830F522B0007A60002F354 /* Restaraunt.swift */; };
		0E830F552B0007D20002F354 /* ProductsProvider.swift in Sources */ = {isa = PBXBuildFile; fileRef = 0E830F542B0007D20002F354 /* ProductsProvider.swift */; };
		0E830F572B0016A50002F354 /* ProductRowItemView.swift in Sources */ = {isa = PBXBuildFile; fileRef = 0E830F562B0016A50002F354 /* ProductRowItemView.swift */; };
		0E8D030A2B0249E60061D966 /* CategorySectionHeaderView.swift in Sources */ = {isa = PBXBuildFile; fileRef = 0E8D03092B0249E60061D966 /* CategorySectionHeaderView.swift */; };
		0E8D030C2B02607F0061D966 /* RestaruntViewStateStore.swift in Sources */ = {isa = PBXBuildFile; fileRef = 0E8D030B2B02607F0061D966 /* RestaruntViewStateStore.swift */; };
		0E8D030F2B027EF50061D966 /* ProductView.swift in Sources */ = {isa = PBXBuildFile; fileRef = 0E8D030E2B027EF50061D966 /* ProductView.swift */; };
		0EA67FD42B02A8040084F48D /* ButtonSyles.swift in Sources */ = {isa = PBXBuildFile; fileRef = 0EA67FD32B02A8040084F48D /* ButtonSyles.swift */; };
		0EA6BACA2AFFCB3900F53963 /* Category.swift in Sources */ = {isa = PBXBuildFile; fileRef = 0EA6BAC92AFFCB3900F53963 /* Category.swift */; };
		0EA6BACC2AFFCC0C00F53963 /* CategoryDataGetter.swift in Sources */ = {isa = PBXBuildFile; fileRef = 0EA6BACB2AFFCC0C00F53963 /* CategoryDataGetter.swift */; };
		0EA6BACE2AFFCCB900F53963 /* CategoriesRepository.swift in Sources */ = {isa = PBXBuildFile; fileRef = 0EA6BACD2AFFCCB900F53963 /* CategoriesRepository.swift */; };
		0EA6BAD02AFFCD4700F53963 /* RestarauntRepository.swift in Sources */ = {isa = PBXBuildFile; fileRef = 0EA6BACF2AFFCD4700F53963 /* RestarauntRepository.swift */; };
		0EA6BAD22AFFCEA000F53963 /* ApplicationConfiguration.swift in Sources */ = {isa = PBXBuildFile; fileRef = 0EA6BAD12AFFCEA000F53963 /* ApplicationConfiguration.swift */; };
		0EA6BAD52AFFCF0700F53963 /* DebugConfiguration.swift in Sources */ = {isa = PBXBuildFile; fileRef = 0EA6BAD42AFFCF0700F53963 /* DebugConfiguration.swift */; };
		0EB0164B2AFBF8B7003DF1A7 /* AddressesView.swift in Sources */ = {isa = PBXBuildFile; fileRef = 0EB0164A2AFBF8B7003DF1A7 /* AddressesView.swift */; };
/* End PBXBuildFile section */

/* Begin PBXContainerItemProxy section */
		0E65577A2AEFE52200CB4094 /* PBXContainerItemProxy */ = {
			isa = PBXContainerItemProxy;
			containerPortal = 0E6557612AEFE51B00CB4094 /* Project object */;
			proxyType = 1;
			remoteGlobalIDString = 0E6557682AEFE51B00CB4094;
			remoteInfo = "generic-food-delivery-app";
		};
		0E6557842AEFE52200CB4094 /* PBXContainerItemProxy */ = {
			isa = PBXContainerItemProxy;
			containerPortal = 0E6557612AEFE51B00CB4094 /* Project object */;
			proxyType = 1;
			remoteGlobalIDString = 0E6557682AEFE51B00CB4094;
			remoteInfo = "generic-food-delivery-app";
		};
/* End PBXContainerItemProxy section */

/* Begin PBXFileReference section */
		0E1F3C1D2AFFD3D20009697A /* ResourcesPath.swift */ = {isa = PBXFileReference; lastKnownFileType = sourcecode.swift; path = ResourcesPath.swift; sourceTree = "<group>"; };
		0E1F3C1F2AFFD42E0009697A /* VilkiPalkiPaths.swift */ = {isa = PBXFileReference; lastKnownFileType = sourcecode.swift; path = VilkiPalkiPaths.swift; sourceTree = "<group>"; };
		0E1F3C212AFFD4F60009697A /* RemotePathProvider.swift */ = {isa = PBXFileReference; lastKnownFileType = sourcecode.swift; path = RemotePathProvider.swift; sourceTree = "<group>"; };
		0E1F3C232AFFD5770009697A /* RemotePaths.swift */ = {isa = PBXFileReference; lastKnownFileType = sourcecode.swift; path = RemotePaths.swift; sourceTree = "<group>"; };
		0E1F3C252AFFD7D40009697A /* RepositoryError.swift */ = {isa = PBXFileReference; lastKnownFileType = sourcecode.swift; path = RepositoryError.swift; sourceTree = "<group>"; };
		0E1F3C272AFFD8490009697A /* RestarauntMenuView.swift */ = {isa = PBXFileReference; lastKnownFileType = sourcecode.swift; path = RestarauntMenuView.swift; sourceTree = "<group>"; };
		0E1F3C292AFFDCE60009697A /* ProductItem.swift */ = {isa = PBXFileReference; lastKnownFileType = sourcecode.swift; path = ProductItem.swift; sourceTree = "<group>"; };
		0E1F3C2B2AFFDFBB0009697A /* ProductsRepository.swift */ = {isa = PBXFileReference; lastKnownFileType = sourcecode.swift; path = ProductsRepository.swift; sourceTree = "<group>"; };
		0E1F3C2D2AFFEC770009697A /* .gitignore */ = {isa = PBXFileReference; lastKnownFileType = text; path = .gitignore; sourceTree = "<group>"; };
		0E1F3C2E2AFFED110009697A /* README.MD */ = {isa = PBXFileReference; lastKnownFileType = net.daringfireball.markdown; path = README.MD; sourceTree = "<group>"; };
		0E6557692AEFE51B00CB4094 /* generic-food-delivery-app.app */ = {isa = PBXFileReference; explicitFileType = wrapper.application; includeInIndex = 0; path = "generic-food-delivery-app.app"; sourceTree = BUILT_PRODUCTS_DIR; };
		0E65576C2AEFE51B00CB4094 /* generic_food_delivery_appApp.swift */ = {isa = PBXFileReference; lastKnownFileType = sourcecode.swift; path = generic_food_delivery_appApp.swift; sourceTree = "<group>"; };
		0E65576E2AEFE51B00CB4094 /* ContentView.swift */ = {isa = PBXFileReference; lastKnownFileType = sourcecode.swift; path = ContentView.swift; sourceTree = "<group>"; };
		0E6557702AEFE52200CB4094 /* Assets.xcassets */ = {isa = PBXFileReference; lastKnownFileType = folder.assetcatalog; path = Assets.xcassets; sourceTree = "<group>"; };
		0E6557732AEFE52200CB4094 /* Preview Assets.xcassets */ = {isa = PBXFileReference; lastKnownFileType = folder.assetcatalog; path = "Preview Assets.xcassets"; sourceTree = "<group>"; };
		0E6557792AEFE52200CB4094 /* generic-food-delivery-appTests.xctest */ = {isa = PBXFileReference; explicitFileType = wrapper.cfbundle; includeInIndex = 0; path = "generic-food-delivery-appTests.xctest"; sourceTree = BUILT_PRODUCTS_DIR; };
		0E65577D2AEFE52200CB4094 /* generic_food_delivery_appTests.swift */ = {isa = PBXFileReference; lastKnownFileType = sourcecode.swift; path = generic_food_delivery_appTests.swift; sourceTree = "<group>"; };
		0E6557832AEFE52200CB4094 /* generic-food-delivery-appUITests.xctest */ = {isa = PBXFileReference; explicitFileType = wrapper.cfbundle; includeInIndex = 0; path = "generic-food-delivery-appUITests.xctest"; sourceTree = BUILT_PRODUCTS_DIR; };
		0E6557872AEFE52200CB4094 /* generic_food_delivery_appUITests.swift */ = {isa = PBXFileReference; lastKnownFileType = sourcecode.swift; path = generic_food_delivery_appUITests.swift; sourceTree = "<group>"; };
		0E6557892AEFE52200CB4094 /* generic_food_delivery_appUITestsLaunchTests.swift */ = {isa = PBXFileReference; lastKnownFileType = sourcecode.swift; path = generic_food_delivery_appUITestsLaunchTests.swift; sourceTree = "<group>"; };
		0E65579B2AEFE5EF00CB4094 /* ViewStateStore.swift */ = {isa = PBXFileReference; fileEncoding = 4; lastKnownFileType = sourcecode.swift; path = ViewStateStore.swift; sourceTree = "<group>"; };
		0E65579E2AEFE8A600CB4094 /* AccountView.swift */ = {isa = PBXFileReference; lastKnownFileType = sourcecode.swift; path = AccountView.swift; sourceTree = "<group>"; };
		0E6557A02AEFE9D700CB4094 /* Customer.swift */ = {isa = PBXFileReference; lastKnownFileType = sourcecode.swift; path = Customer.swift; sourceTree = "<group>"; };
		0E6557A22AEFEB5C00CB4094 /* AccountRepository.swift */ = {isa = PBXFileReference; lastKnownFileType = sourcecode.swift; path = AccountRepository.swift; sourceTree = "<group>"; };
		0E6557A42AEFEBF800CB4094 /* UserDefaultsNames.swift */ = {isa = PBXFileReference; lastKnownFileType = sourcecode.swift; path = UserDefaultsNames.swift; sourceTree = "<group>"; };
		0E6557A62AEFEC2600CB4094 /* AccountUserDefaults.swift */ = {isa = PBXFileReference; lastKnownFileType = sourcecode.swift; path = AccountUserDefaults.swift; sourceTree = "<group>"; };
		0E6557A82AEFF00F00CB4094 /* AccountViewStateStore.swift */ = {isa = PBXFileReference; lastKnownFileType = sourcecode.swift; path = AccountViewStateStore.swift; sourceTree = "<group>"; };
		0E6557AA2AEFFD2100CB4094 /* AccountUserInputValidator.swift */ = {isa = PBXFileReference; lastKnownFileType = sourcecode.swift; path = AccountUserInputValidator.swift; sourceTree = "<group>"; };
		0E6557AC2AEFFD7700CB4094 /* AccountInteractor.swift */ = {isa = PBXFileReference; lastKnownFileType = sourcecode.swift; path = AccountInteractor.swift; sourceTree = "<group>"; };
		0E6557AE2AF005FD00CB4094 /* Result+Extension.swift */ = {isa = PBXFileReference; lastKnownFileType = sourcecode.swift; path = "Result+Extension.swift"; sourceTree = "<group>"; };
		0E830F522B0007A60002F354 /* Restaraunt.swift */ = {isa = PBXFileReference; lastKnownFileType = sourcecode.swift; path = Restaraunt.swift; sourceTree = "<group>"; };
		0E830F542B0007D20002F354 /* ProductsProvider.swift */ = {isa = PBXFileReference; lastKnownFileType = sourcecode.swift; path = ProductsProvider.swift; sourceTree = "<group>"; };
		0E830F562B0016A50002F354 /* ProductRowItemView.swift */ = {isa = PBXFileReference; lastKnownFileType = sourcecode.swift; path = ProductRowItemView.swift; sourceTree = "<group>"; };
		0E8D03092B0249E60061D966 /* CategorySectionHeaderView.swift */ = {isa = PBXFileReference; lastKnownFileType = sourcecode.swift; path = CategorySectionHeaderView.swift; sourceTree = "<group>"; };
		0E8D030B2B02607F0061D966 /* RestaruntViewStateStore.swift */ = {isa = PBXFileReference; lastKnownFileType = sourcecode.swift; path = RestaruntViewStateStore.swift; sourceTree = "<group>"; };
		0E8D030E2B027EF50061D966 /* ProductView.swift */ = {isa = PBXFileReference; lastKnownFileType = sourcecode.swift; path = ProductView.swift; sourceTree = "<group>"; };
		0EA67FD32B02A8040084F48D /* ButtonSyles.swift */ = {isa = PBXFileReference; lastKnownFileType = sourcecode.swift; path = ButtonSyles.swift; sourceTree = "<group>"; };
		0EA6BAC92AFFCB3900F53963 /* Category.swift */ = {isa = PBXFileReference; lastKnownFileType = sourcecode.swift; path = Category.swift; sourceTree = "<group>"; };
		0EA6BACB2AFFCC0C00F53963 /* CategoryDataGetter.swift */ = {isa = PBXFileReference; lastKnownFileType = sourcecode.swift; path = CategoryDataGetter.swift; sourceTree = "<group>"; };
		0EA6BACD2AFFCCB900F53963 /* CategoriesRepository.swift */ = {isa = PBXFileReference; lastKnownFileType = sourcecode.swift; path = CategoriesRepository.swift; sourceTree = "<group>"; };
		0EA6BACF2AFFCD4700F53963 /* RestarauntRepository.swift */ = {isa = PBXFileReference; lastKnownFileType = sourcecode.swift; path = RestarauntRepository.swift; sourceTree = "<group>"; };
		0EA6BAD12AFFCEA000F53963 /* ApplicationConfiguration.swift */ = {isa = PBXFileReference; lastKnownFileType = sourcecode.swift; path = ApplicationConfiguration.swift; sourceTree = "<group>"; };
		0EA6BAD42AFFCF0700F53963 /* DebugConfiguration.swift */ = {isa = PBXFileReference; lastKnownFileType = sourcecode.swift; path = DebugConfiguration.swift; sourceTree = "<group>"; };
		0EB0164A2AFBF8B7003DF1A7 /* AddressesView.swift */ = {isa = PBXFileReference; lastKnownFileType = sourcecode.swift; path = AddressesView.swift; sourceTree = "<group>"; };
/* End PBXFileReference section */

/* Begin PBXFrameworksBuildPhase section */
		0E6557662AEFE51B00CB4094 /* Frameworks */ = {
			isa = PBXFrameworksBuildPhase;
			buildActionMask = 2147483647;
			files = (
				0E2B4F922B03B78E00AB9D91 /* SDWebImageSwiftUI in Frameworks */,
				0E1F3C0B2AFFD2200009697A /* Swinject in Frameworks */,
				0E1F3C112AFFD2460009697A /* Alamofire in Frameworks */,
			);
			runOnlyForDeploymentPostprocessing = 0;
		};
		0E6557762AEFE52200CB4094 /* Frameworks */ = {
			isa = PBXFrameworksBuildPhase;
			buildActionMask = 2147483647;
			files = (
				0E1F3C1A2AFFD28E0009697A /* Mockingbird in Frameworks */,
			);
			runOnlyForDeploymentPostprocessing = 0;
		};
		0E6557802AEFE52200CB4094 /* Frameworks */ = {
			isa = PBXFrameworksBuildPhase;
			buildActionMask = 2147483647;
			files = (
				0E1F3C1C2AFFD29A0009697A /* Mockingbird in Frameworks */,
			);
			runOnlyForDeploymentPostprocessing = 0;
		};
/* End PBXFrameworksBuildPhase section */

/* Begin PBXGroup section */
		0E6557602AEFE51B00CB4094 = {
			isa = PBXGroup;
			children = (
				0E1F3C2E2AFFED110009697A /* README.MD */,
				0E1F3C2D2AFFEC770009697A /* .gitignore */,
				0E65576B2AEFE51B00CB4094 /* generic-food-delivery-app */,
				0E65577C2AEFE52200CB4094 /* generic-food-delivery-appTests */,
				0E6557862AEFE52200CB4094 /* generic-food-delivery-appUITests */,
				0E65576A2AEFE51B00CB4094 /* Products */,
				0EA6BADD2AFFD08100F53963 /* Frameworks */,
			);
			sourceTree = "<group>";
		};
		0E65576A2AEFE51B00CB4094 /* Products */ = {
			isa = PBXGroup;
			children = (
				0E6557692AEFE51B00CB4094 /* generic-food-delivery-app.app */,
				0E6557792AEFE52200CB4094 /* generic-food-delivery-appTests.xctest */,
				0E6557832AEFE52200CB4094 /* generic-food-delivery-appUITests.xctest */,
			);
			name = Products;
			sourceTree = "<group>";
		};
		0E65576B2AEFE51B00CB4094 /* generic-food-delivery-app */ = {
			isa = PBXGroup;
			children = (
				0E8D030D2B026BE70061D966 /* system */,
				0EA6BAD32AFFCEE200F53963 /* environment */,
				0E65579D2AEFE5F800CB4094 /* di */,
				0E65579A2AEFE57A00CB4094 /* repositories */,
				0E6557992AEFE57000CB4094 /* business */,
				0E6557982AEFE56800CB4094 /* view_state_store */,
				0E6557972AEFE55800CB4094 /* views */,
				0E6557962AEFE55100CB4094 /* data */,
				0E65576C2AEFE51B00CB4094 /* generic_food_delivery_appApp.swift */,
				0E6557702AEFE52200CB4094 /* Assets.xcassets */,
				0E6557722AEFE52200CB4094 /* Preview Content */,
			);
			path = "generic-food-delivery-app";
			sourceTree = "<group>";
		};
		0E6557722AEFE52200CB4094 /* Preview Content */ = {
			isa = PBXGroup;
			children = (
				0E6557732AEFE52200CB4094 /* Preview Assets.xcassets */,
			);
			path = "Preview Content";
			sourceTree = "<group>";
		};
		0E65577C2AEFE52200CB4094 /* generic-food-delivery-appTests */ = {
			isa = PBXGroup;
			children = (
				0E65577D2AEFE52200CB4094 /* generic_food_delivery_appTests.swift */,
			);
			path = "generic-food-delivery-appTests";
			sourceTree = "<group>";
		};
		0E6557862AEFE52200CB4094 /* generic-food-delivery-appUITests */ = {
			isa = PBXGroup;
			children = (
				0E6557872AEFE52200CB4094 /* generic_food_delivery_appUITests.swift */,
				0E6557892AEFE52200CB4094 /* generic_food_delivery_appUITestsLaunchTests.swift */,
			);
			path = "generic-food-delivery-appUITests";
			sourceTree = "<group>";
		};
		0E6557962AEFE55100CB4094 /* data */ = {
			isa = PBXGroup;
			children = (
				0E6557A02AEFE9D700CB4094 /* Customer.swift */,
				0EA6BAC92AFFCB3900F53963 /* Category.swift */,
				0E1F3C292AFFDCE60009697A /* ProductItem.swift */,
			);
			path = data;
			sourceTree = "<group>";
		};
		0E6557972AEFE55800CB4094 /* views */ = {
			isa = PBXGroup;
			children = (
				0EA6BACB2AFFCC0C00F53963 /* CategoryDataGetter.swift */,
				0E830F542B0007D20002F354 /* ProductsProvider.swift */,
				0E6557AA2AEFFD2100CB4094 /* AccountUserInputValidator.swift */,
				0E65579E2AEFE8A600CB4094 /* AccountView.swift */,
				0E65576E2AEFE51B00CB4094 /* ContentView.swift */,
				0EB0164A2AFBF8B7003DF1A7 /* AddressesView.swift */,
				0E1F3C272AFFD8490009697A /* RestarauntMenuView.swift */,
				0E830F562B0016A50002F354 /* ProductRowItemView.swift */,
				0E8D03092B0249E60061D966 /* CategorySectionHeaderView.swift */,
				0E8D030E2B027EF50061D966 /* ProductView.swift */,
				0EA67FD32B02A8040084F48D /* ButtonSyles.swift */,
			);
			path = views;
			sourceTree = "<group>";
		};
		0E6557982AEFE56800CB4094 /* view_state_store */ = {
			isa = PBXGroup;
			children = (
				0E65579B2AEFE5EF00CB4094 /* ViewStateStore.swift */,
				0E6557A82AEFF00F00CB4094 /* AccountViewStateStore.swift */,
				0E8D030B2B02607F0061D966 /* RestaruntViewStateStore.swift */,
			);
			path = view_state_store;
			sourceTree = "<group>";
		};
		0E6557992AEFE57000CB4094 /* business */ = {
			isa = PBXGroup;
			children = (
				0E6557AC2AEFFD7700CB4094 /* AccountInteractor.swift */,
				0E6557AE2AF005FD00CB4094 /* Result+Extension.swift */,
				0E830F522B0007A60002F354 /* Restaraunt.swift */,
			);
			path = business;
			sourceTree = "<group>";
		};
		0E65579A2AEFE57A00CB4094 /* repositories */ = {
			isa = PBXGroup;
			children = (
				0E6557A22AEFEB5C00CB4094 /* AccountRepository.swift */,
				0E6557A42AEFEBF800CB4094 /* UserDefaultsNames.swift */,
				0E6557A62AEFEC2600CB4094 /* AccountUserDefaults.swift */,
				0EA6BACD2AFFCCB900F53963 /* CategoriesRepository.swift */,
				0EA6BACF2AFFCD4700F53963 /* RestarauntRepository.swift */,
				0E1F3C252AFFD7D40009697A /* RepositoryError.swift */,
				0E1F3C2B2AFFDFBB0009697A /* ProductsRepository.swift */,
			);
			path = repositories;
			sourceTree = "<group>";
		};
		0E65579D2AEFE5F800CB4094 /* di */ = {
			isa = PBXGroup;
			children = (
			);
			path = di;
			sourceTree = "<group>";
		};
		0E8D030D2B026BE70061D966 /* system */ = {
			isa = PBXGroup;
			children = (
			);
			path = system;
			sourceTree = "<group>";
		};
		0EA6BAD32AFFCEE200F53963 /* environment */ = {
			isa = PBXGroup;
			children = (
				0EA6BAD12AFFCEA000F53963 /* ApplicationConfiguration.swift */,
				0EA6BAD42AFFCF0700F53963 /* DebugConfiguration.swift */,
				0E1F3C1D2AFFD3D20009697A /* ResourcesPath.swift */,
				0E1F3C1F2AFFD42E0009697A /* VilkiPalkiPaths.swift */,
				0E1F3C212AFFD4F60009697A /* RemotePathProvider.swift */,
				0E1F3C232AFFD5770009697A /* RemotePaths.swift */,
			);
			path = environment;
			sourceTree = "<group>";
		};
		0EA6BADD2AFFD08100F53963 /* Frameworks */ = {
			isa = PBXGroup;
			children = (
			);
			name = Frameworks;
			sourceTree = "<group>";
		};
/* End PBXGroup section */

/* Begin PBXNativeTarget section */
		0E6557682AEFE51B00CB4094 /* generic-food-delivery-app */ = {
			isa = PBXNativeTarget;
			buildConfigurationList = 0E65578D2AEFE52200CB4094 /* Build configuration list for PBXNativeTarget "generic-food-delivery-app" */;
			buildPhases = (
				0E6557652AEFE51B00CB4094 /* Sources */,
				0E6557662AEFE51B00CB4094 /* Frameworks */,
				0E6557672AEFE51B00CB4094 /* Resources */,
			);
			buildRules = (
			);
			dependencies = (
			);
			name = "generic-food-delivery-app";
			packageProductDependencies = (
				0E1F3C0A2AFFD2200009697A /* Swinject */,
				0E1F3C102AFFD2460009697A /* Alamofire */,
				0E2B4F912B03B78E00AB9D91 /* SDWebImageSwiftUI */,
			);
			productName = "generic-food-delivery-app";
			productReference = 0E6557692AEFE51B00CB4094 /* generic-food-delivery-app.app */;
			productType = "com.apple.product-type.application";
		};
		0E6557782AEFE52200CB4094 /* generic-food-delivery-appTests */ = {
			isa = PBXNativeTarget;
			buildConfigurationList = 0E6557902AEFE52200CB4094 /* Build configuration list for PBXNativeTarget "generic-food-delivery-appTests" */;
			buildPhases = (
				0E6557752AEFE52200CB4094 /* Sources */,
				0E6557762AEFE52200CB4094 /* Frameworks */,
				0E6557772AEFE52200CB4094 /* Resources */,
			);
			buildRules = (
			);
			dependencies = (
				0E65577B2AEFE52200CB4094 /* PBXTargetDependency */,
			);
			name = "generic-food-delivery-appTests";
			packageProductDependencies = (
				0E1F3C192AFFD28E0009697A /* Mockingbird */,
			);
			productName = "generic-food-delivery-appTests";
			productReference = 0E6557792AEFE52200CB4094 /* generic-food-delivery-appTests.xctest */;
			productType = "com.apple.product-type.bundle.unit-test";
		};
		0E6557822AEFE52200CB4094 /* generic-food-delivery-appUITests */ = {
			isa = PBXNativeTarget;
			buildConfigurationList = 0E6557932AEFE52200CB4094 /* Build configuration list for PBXNativeTarget "generic-food-delivery-appUITests" */;
			buildPhases = (
				0E65577F2AEFE52200CB4094 /* Sources */,
				0E6557802AEFE52200CB4094 /* Frameworks */,
				0E6557812AEFE52200CB4094 /* Resources */,
			);
			buildRules = (
			);
			dependencies = (
				0E6557852AEFE52200CB4094 /* PBXTargetDependency */,
			);
			name = "generic-food-delivery-appUITests";
			packageProductDependencies = (
				0E1F3C1B2AFFD29A0009697A /* Mockingbird */,
			);
			productName = "generic-food-delivery-appUITests";
			productReference = 0E6557832AEFE52200CB4094 /* generic-food-delivery-appUITests.xctest */;
			productType = "com.apple.product-type.bundle.ui-testing";
		};
/* End PBXNativeTarget section */

/* Begin PBXProject section */
		0E6557612AEFE51B00CB4094 /* Project object */ = {
			isa = PBXProject;
			attributes = {
				BuildIndependentTargetsInParallel = 1;
				LastSwiftUpdateCheck = 1500;
				LastUpgradeCheck = 1500;
				TargetAttributes = {
					0E6557682AEFE51B00CB4094 = {
						CreatedOnToolsVersion = 15.0;
					};
					0E6557782AEFE52200CB4094 = {
						CreatedOnToolsVersion = 15.0;
						TestTargetID = 0E6557682AEFE51B00CB4094;
					};
					0E6557822AEFE52200CB4094 = {
						CreatedOnToolsVersion = 15.0;
						TestTargetID = 0E6557682AEFE51B00CB4094;
					};
				};
			};
			buildConfigurationList = 0E6557642AEFE51B00CB4094 /* Build configuration list for PBXProject "generic-food-delivery-app" */;
			compatibilityVersion = "Xcode 14.0";
			developmentRegion = en;
			hasScannedForEncodings = 0;
			knownRegions = (
				en,
				Base,
			);
			mainGroup = 0E6557602AEFE51B00CB4094;
			packageReferences = (
				0E1F3C092AFFD2150009697A /* XCRemoteSwiftPackageReference "Swinject" */,
				0E1F3C0F2AFFD2460009697A /* XCRemoteSwiftPackageReference "Alamofire" */,
				0E1F3C182AFFD28E0009697A /* XCRemoteSwiftPackageReference "mockingbird" */,
				0E2B4F902B03B78E00AB9D91 /* XCRemoteSwiftPackageReference "SDWebImageSwiftUI" */,
			);
			productRefGroup = 0E65576A2AEFE51B00CB4094 /* Products */;
			projectDirPath = "";
			projectRoot = "";
			targets = (
				0E6557682AEFE51B00CB4094 /* generic-food-delivery-app */,
				0E6557782AEFE52200CB4094 /* generic-food-delivery-appTests */,
				0E6557822AEFE52200CB4094 /* generic-food-delivery-appUITests */,
			);
		};
/* End PBXProject section */

/* Begin PBXResourcesBuildPhase section */
		0E6557672AEFE51B00CB4094 /* Resources */ = {
			isa = PBXResourcesBuildPhase;
			buildActionMask = 2147483647;
			files = (
				0E1F3C2F2AFFED110009697A /* README.MD in Resources */,
				0E6557742AEFE52200CB4094 /* Preview Assets.xcassets in Resources */,
				0E6557712AEFE52200CB4094 /* Assets.xcassets in Resources */,
			);
			runOnlyForDeploymentPostprocessing = 0;
		};
		0E6557772AEFE52200CB4094 /* Resources */ = {
			isa = PBXResourcesBuildPhase;
			buildActionMask = 2147483647;
			files = (
			);
			runOnlyForDeploymentPostprocessing = 0;
		};
		0E6557812AEFE52200CB4094 /* Resources */ = {
			isa = PBXResourcesBuildPhase;
			buildActionMask = 2147483647;
			files = (
			);
			runOnlyForDeploymentPostprocessing = 0;
		};
/* End PBXResourcesBuildPhase section */

/* Begin PBXSourcesBuildPhase section */
		0E6557652AEFE51B00CB4094 /* Sources */ = {
			isa = PBXSourcesBuildPhase;
			buildActionMask = 2147483647;
			files = (
				0E1F3C282AFFD8490009697A /* RestarauntMenuView.swift in Sources */,
				0E830F532B0007A60002F354 /* Restaraunt.swift in Sources */,
				0EA6BAD52AFFCF0700F53963 /* DebugConfiguration.swift in Sources */,
				0E6557A72AEFEC2600CB4094 /* AccountUserDefaults.swift in Sources */,
				0EA6BACA2AFFCB3900F53963 /* Category.swift in Sources */,
				0E6557AD2AEFFD7700CB4094 /* AccountInteractor.swift in Sources */,
				0EA6BACC2AFFCC0C00F53963 /* CategoryDataGetter.swift in Sources */,
				0E8D030F2B027EF50061D966 /* ProductView.swift in Sources */,
				0E6557A12AEFE9D700CB4094 /* Customer.swift in Sources */,
				0E65579F2AEFE8A600CB4094 /* AccountView.swift in Sources */,
				0E8D030C2B02607F0061D966 /* RestaruntViewStateStore.swift in Sources */,
				0E6557AB2AEFFD2100CB4094 /* AccountUserInputValidator.swift in Sources */,
				0E1F3C1E2AFFD3D20009697A /* ResourcesPath.swift in Sources */,
				0EA6BACE2AFFCCB900F53963 /* CategoriesRepository.swift in Sources */,
				0E830F572B0016A50002F354 /* ProductRowItemView.swift in Sources */,
				0E65576F2AEFE51B00CB4094 /* ContentView.swift in Sources */,
				0EA67FD42B02A8040084F48D /* ButtonSyles.swift in Sources */,
				0EA6BAD22AFFCEA000F53963 /* ApplicationConfiguration.swift in Sources */,
				0E6557A92AEFF00F00CB4094 /* AccountViewStateStore.swift in Sources */,
				0E1F3C222AFFD4F60009697A /* RemotePathProvider.swift in Sources */,
				0EA6BAD02AFFCD4700F53963 /* RestarauntRepository.swift in Sources */,
				0E1F3C202AFFD42E0009697A /* VilkiPalkiPaths.swift in Sources */,
				0E6557A32AEFEB5C00CB4094 /* AccountRepository.swift in Sources */,
				0E830F552B0007D20002F354 /* ProductsProvider.swift in Sources */,
				0E1F3C2C2AFFDFBB0009697A /* ProductsRepository.swift in Sources */,
				0E6557A52AEFEBF800CB4094 /* UserDefaultsNames.swift in Sources */,
				0E65576D2AEFE51B00CB4094 /* generic_food_delivery_appApp.swift in Sources */,
				0EB0164B2AFBF8B7003DF1A7 /* AddressesView.swift in Sources */,
				0E1F3C262AFFD7D40009697A /* RepositoryError.swift in Sources */,
				0E65579C2AEFE5EF00CB4094 /* ViewStateStore.swift in Sources */,
				0E8D030A2B0249E60061D966 /* CategorySectionHeaderView.swift in Sources */,
				0E6557AF2AF005FD00CB4094 /* Result+Extension.swift in Sources */,
				0E1F3C242AFFD5770009697A /* RemotePaths.swift in Sources */,
				0E1F3C2A2AFFDCE60009697A /* ProductItem.swift in Sources */,
			);
			runOnlyForDeploymentPostprocessing = 0;
		};
		0E6557752AEFE52200CB4094 /* Sources */ = {
			isa = PBXSourcesBuildPhase;
			buildActionMask = 2147483647;
			files = (
				0E65577E2AEFE52200CB4094 /* generic_food_delivery_appTests.swift in Sources */,
			);
			runOnlyForDeploymentPostprocessing = 0;
		};
		0E65577F2AEFE52200CB4094 /* Sources */ = {
			isa = PBXSourcesBuildPhase;
			buildActionMask = 2147483647;
			files = (
				0E65578A2AEFE52200CB4094 /* generic_food_delivery_appUITestsLaunchTests.swift in Sources */,
				0E6557882AEFE52200CB4094 /* generic_food_delivery_appUITests.swift in Sources */,
			);
			runOnlyForDeploymentPostprocessing = 0;
		};
/* End PBXSourcesBuildPhase section */

/* Begin PBXTargetDependency section */
		0E65577B2AEFE52200CB4094 /* PBXTargetDependency */ = {
			isa = PBXTargetDependency;
			target = 0E6557682AEFE51B00CB4094 /* generic-food-delivery-app */;
			targetProxy = 0E65577A2AEFE52200CB4094 /* PBXContainerItemProxy */;
		};
		0E6557852AEFE52200CB4094 /* PBXTargetDependency */ = {
			isa = PBXTargetDependency;
			target = 0E6557682AEFE51B00CB4094 /* generic-food-delivery-app */;
			targetProxy = 0E6557842AEFE52200CB4094 /* PBXContainerItemProxy */;
		};
/* End PBXTargetDependency section */

/* Begin XCBuildConfiguration section */
		0E65578B2AEFE52200CB4094 /* Debug */ = {
			isa = XCBuildConfiguration;
			buildSettings = {
				ALWAYS_SEARCH_USER_PATHS = NO;
				ASSETCATALOG_COMPILER_GENERATE_SWIFT_ASSET_SYMBOL_EXTENSIONS = YES;
				CLANG_ANALYZER_NONNULL = YES;
				CLANG_ANALYZER_NUMBER_OBJECT_CONVERSION = YES_AGGRESSIVE;
				CLANG_CXX_LANGUAGE_STANDARD = "gnu++20";
				CLANG_ENABLE_MODULES = YES;
				CLANG_ENABLE_OBJC_ARC = YES;
				CLANG_ENABLE_OBJC_WEAK = YES;
				CLANG_WARN_BLOCK_CAPTURE_AUTORELEASING = YES;
				CLANG_WARN_BOOL_CONVERSION = YES;
				CLANG_WARN_COMMA = YES;
				CLANG_WARN_CONSTANT_CONVERSION = YES;
				CLANG_WARN_DEPRECATED_OBJC_IMPLEMENTATIONS = YES;
				CLANG_WARN_DIRECT_OBJC_ISA_USAGE = YES_ERROR;
				CLANG_WARN_DOCUMENTATION_COMMENTS = YES;
				CLANG_WARN_EMPTY_BODY = YES;
				CLANG_WARN_ENUM_CONVERSION = YES;
				CLANG_WARN_INFINITE_RECURSION = YES;
				CLANG_WARN_INT_CONVERSION = YES;
				CLANG_WARN_NON_LITERAL_NULL_CONVERSION = YES;
				CLANG_WARN_OBJC_IMPLICIT_RETAIN_SELF = YES;
				CLANG_WARN_OBJC_LITERAL_CONVERSION = YES;
				CLANG_WARN_OBJC_ROOT_CLASS = YES_ERROR;
				CLANG_WARN_QUOTED_INCLUDE_IN_FRAMEWORK_HEADER = YES;
				CLANG_WARN_RANGE_LOOP_ANALYSIS = YES;
				CLANG_WARN_STRICT_PROTOTYPES = YES;
				CLANG_WARN_SUSPICIOUS_MOVE = YES;
				CLANG_WARN_UNGUARDED_AVAILABILITY = YES_AGGRESSIVE;
				CLANG_WARN_UNREACHABLE_CODE = YES;
				CLANG_WARN__DUPLICATE_METHOD_MATCH = YES;
				COPY_PHASE_STRIP = NO;
				DEBUG_INFORMATION_FORMAT = dwarf;
				ENABLE_STRICT_OBJC_MSGSEND = YES;
				ENABLE_TESTABILITY = YES;
				ENABLE_USER_SCRIPT_SANDBOXING = YES;
				GCC_C_LANGUAGE_STANDARD = gnu17;
				GCC_DYNAMIC_NO_PIC = NO;
				GCC_NO_COMMON_BLOCKS = YES;
				GCC_OPTIMIZATION_LEVEL = 0;
				GCC_PREPROCESSOR_DEFINITIONS = (
					"DEBUG=1",
					"$(inherited)",
				);
				GCC_WARN_64_TO_32_BIT_CONVERSION = YES;
				GCC_WARN_ABOUT_RETURN_TYPE = YES_ERROR;
				GCC_WARN_UNDECLARED_SELECTOR = YES;
				GCC_WARN_UNINITIALIZED_AUTOS = YES_AGGRESSIVE;
				GCC_WARN_UNUSED_FUNCTION = YES;
				GCC_WARN_UNUSED_VARIABLE = YES;
				IPHONEOS_DEPLOYMENT_TARGET = 17.0;
				LOCALIZATION_PREFERS_STRING_CATALOGS = YES;
				MTL_ENABLE_DEBUG_INFO = INCLUDE_SOURCE;
				MTL_FAST_MATH = YES;
				ONLY_ACTIVE_ARCH = YES;
				SDKROOT = iphoneos;
				SWIFT_ACTIVE_COMPILATION_CONDITIONS = "DEBUG $(inherited)";
				SWIFT_OPTIMIZATION_LEVEL = "-Onone";
			};
			name = Debug;
		};
		0E65578C2AEFE52200CB4094 /* Release */ = {
			isa = XCBuildConfiguration;
			buildSettings = {
				ALWAYS_SEARCH_USER_PATHS = NO;
				ASSETCATALOG_COMPILER_GENERATE_SWIFT_ASSET_SYMBOL_EXTENSIONS = YES;
				CLANG_ANALYZER_NONNULL = YES;
				CLANG_ANALYZER_NUMBER_OBJECT_CONVERSION = YES_AGGRESSIVE;
				CLANG_CXX_LANGUAGE_STANDARD = "gnu++20";
				CLANG_ENABLE_MODULES = YES;
				CLANG_ENABLE_OBJC_ARC = YES;
				CLANG_ENABLE_OBJC_WEAK = YES;
				CLANG_WARN_BLOCK_CAPTURE_AUTORELEASING = YES;
				CLANG_WARN_BOOL_CONVERSION = YES;
				CLANG_WARN_COMMA = YES;
				CLANG_WARN_CONSTANT_CONVERSION = YES;
				CLANG_WARN_DEPRECATED_OBJC_IMPLEMENTATIONS = YES;
				CLANG_WARN_DIRECT_OBJC_ISA_USAGE = YES_ERROR;
				CLANG_WARN_DOCUMENTATION_COMMENTS = YES;
				CLANG_WARN_EMPTY_BODY = YES;
				CLANG_WARN_ENUM_CONVERSION = YES;
				CLANG_WARN_INFINITE_RECURSION = YES;
				CLANG_WARN_INT_CONVERSION = YES;
				CLANG_WARN_NON_LITERAL_NULL_CONVERSION = YES;
				CLANG_WARN_OBJC_IMPLICIT_RETAIN_SELF = YES;
				CLANG_WARN_OBJC_LITERAL_CONVERSION = YES;
				CLANG_WARN_OBJC_ROOT_CLASS = YES_ERROR;
				CLANG_WARN_QUOTED_INCLUDE_IN_FRAMEWORK_HEADER = YES;
				CLANG_WARN_RANGE_LOOP_ANALYSIS = YES;
				CLANG_WARN_STRICT_PROTOTYPES = YES;
				CLANG_WARN_SUSPICIOUS_MOVE = YES;
				CLANG_WARN_UNGUARDED_AVAILABILITY = YES_AGGRESSIVE;
				CLANG_WARN_UNREACHABLE_CODE = YES;
				CLANG_WARN__DUPLICATE_METHOD_MATCH = YES;
				COPY_PHASE_STRIP = NO;
				DEBUG_INFORMATION_FORMAT = "dwarf-with-dsym";
				ENABLE_NS_ASSERTIONS = NO;
				ENABLE_STRICT_OBJC_MSGSEND = YES;
				ENABLE_USER_SCRIPT_SANDBOXING = YES;
				GCC_C_LANGUAGE_STANDARD = gnu17;
				GCC_NO_COMMON_BLOCKS = YES;
				GCC_WARN_64_TO_32_BIT_CONVERSION = YES;
				GCC_WARN_ABOUT_RETURN_TYPE = YES_ERROR;
				GCC_WARN_UNDECLARED_SELECTOR = YES;
				GCC_WARN_UNINITIALIZED_AUTOS = YES_AGGRESSIVE;
				GCC_WARN_UNUSED_FUNCTION = YES;
				GCC_WARN_UNUSED_VARIABLE = YES;
				IPHONEOS_DEPLOYMENT_TARGET = 17.0;
				LOCALIZATION_PREFERS_STRING_CATALOGS = YES;
				MTL_ENABLE_DEBUG_INFO = NO;
				MTL_FAST_MATH = YES;
				SDKROOT = iphoneos;
				SWIFT_COMPILATION_MODE = wholemodule;
				VALIDATE_PRODUCT = YES;
			};
			name = Release;
		};
		0E65578E2AEFE52200CB4094 /* Debug */ = {
			isa = XCBuildConfiguration;
			buildSettings = {
				ASSETCATALOG_COMPILER_APPICON_NAME = AppIcon;
				ASSETCATALOG_COMPILER_GLOBAL_ACCENT_COLOR_NAME = AccentColor;
				CODE_SIGN_STYLE = Automatic;
				CURRENT_PROJECT_VERSION = 1;
				DEVELOPMENT_ASSET_PATHS = "\"generic-food-delivery-app/Preview Content\"";
				DEVELOPMENT_TEAM = VSV8CRC85G;
				ENABLE_PREVIEWS = YES;
				GENERATE_INFOPLIST_FILE = YES;
				INFOPLIST_KEY_UIApplicationSceneManifest_Generation = YES;
				INFOPLIST_KEY_UIApplicationSupportsIndirectInputEvents = YES;
				INFOPLIST_KEY_UILaunchScreen_Generation = YES;
				INFOPLIST_KEY_UISupportedInterfaceOrientations_iPad = "UIInterfaceOrientationPortrait UIInterfaceOrientationPortraitUpsideDown UIInterfaceOrientationLandscapeLeft UIInterfaceOrientationLandscapeRight";
				INFOPLIST_KEY_UISupportedInterfaceOrientations_iPhone = "UIInterfaceOrientationPortrait UIInterfaceOrientationLandscapeLeft UIInterfaceOrientationLandscapeRight";
				LD_RUNPATH_SEARCH_PATHS = (
					"$(inherited)",
					"@executable_path/Frameworks",
				);
				MARKETING_VERSION = 1.0;
				PRODUCT_BUNDLE_IDENTIFIER = "com.bsverdlov.app.generic-food-delivery-app";
				PRODUCT_NAME = "$(TARGET_NAME)";
				SWIFT_EMIT_LOC_STRINGS = YES;
				SWIFT_VERSION = 5.0;
				TARGETED_DEVICE_FAMILY = "1,2";
			};
			name = Debug;
		};
		0E65578F2AEFE52200CB4094 /* Release */ = {
			isa = XCBuildConfiguration;
			buildSettings = {
				ASSETCATALOG_COMPILER_APPICON_NAME = AppIcon;
				ASSETCATALOG_COMPILER_GLOBAL_ACCENT_COLOR_NAME = AccentColor;
				CODE_SIGN_STYLE = Automatic;
				CURRENT_PROJECT_VERSION = 1;
				DEVELOPMENT_ASSET_PATHS = "\"generic-food-delivery-app/Preview Content\"";
				DEVELOPMENT_TEAM = VSV8CRC85G;
				ENABLE_PREVIEWS = YES;
				GENERATE_INFOPLIST_FILE = YES;
				INFOPLIST_KEY_UIApplicationSceneManifest_Generation = YES;
				INFOPLIST_KEY_UIApplicationSupportsIndirectInputEvents = YES;
				INFOPLIST_KEY_UILaunchScreen_Generation = YES;
				INFOPLIST_KEY_UISupportedInterfaceOrientations_iPad = "UIInterfaceOrientationPortrait UIInterfaceOrientationPortraitUpsideDown UIInterfaceOrientationLandscapeLeft UIInterfaceOrientationLandscapeRight";
				INFOPLIST_KEY_UISupportedInterfaceOrientations_iPhone = "UIInterfaceOrientationPortrait UIInterfaceOrientationLandscapeLeft UIInterfaceOrientationLandscapeRight";
				LD_RUNPATH_SEARCH_PATHS = (
					"$(inherited)",
					"@executable_path/Frameworks",
				);
				MARKETING_VERSION = 1.0;
				PRODUCT_BUNDLE_IDENTIFIER = "com.bsverdlov.app.generic-food-delivery-app";
				PRODUCT_NAME = "$(TARGET_NAME)";
				SWIFT_EMIT_LOC_STRINGS = YES;
				SWIFT_VERSION = 5.0;
				TARGETED_DEVICE_FAMILY = "1,2";
			};
			name = Release;
		};
		0E6557912AEFE52200CB4094 /* Debug */ = {
			isa = XCBuildConfiguration;
			buildSettings = {
				ALWAYS_EMBED_SWIFT_STANDARD_LIBRARIES = YES;
				BUNDLE_LOADER = "$(TEST_HOST)";
				CODE_SIGN_STYLE = Automatic;
				CURRENT_PROJECT_VERSION = 1;
				DEVELOPMENT_TEAM = VSV8CRC85G;
				GENERATE_INFOPLIST_FILE = YES;
				IPHONEOS_DEPLOYMENT_TARGET = 17.0;
				MARKETING_VERSION = 1.0;
				PRODUCT_BUNDLE_IDENTIFIER = "com.bsverdlov.app.generic-food-delivery-appTests";
				PRODUCT_NAME = "$(TARGET_NAME)";
				SWIFT_EMIT_LOC_STRINGS = NO;
				SWIFT_VERSION = 5.0;
				TARGETED_DEVICE_FAMILY = "1,2";
				TEST_HOST = "$(BUILT_PRODUCTS_DIR)/generic-food-delivery-app.app/$(BUNDLE_EXECUTABLE_FOLDER_PATH)/generic-food-delivery-app";
			};
			name = Debug;
		};
		0E6557922AEFE52200CB4094 /* Release */ = {
			isa = XCBuildConfiguration;
			buildSettings = {
				ALWAYS_EMBED_SWIFT_STANDARD_LIBRARIES = YES;
				BUNDLE_LOADER = "$(TEST_HOST)";
				CODE_SIGN_STYLE = Automatic;
				CURRENT_PROJECT_VERSION = 1;
				DEVELOPMENT_TEAM = VSV8CRC85G;
				GENERATE_INFOPLIST_FILE = YES;
				IPHONEOS_DEPLOYMENT_TARGET = 17.0;
				MARKETING_VERSION = 1.0;
				PRODUCT_BUNDLE_IDENTIFIER = "com.bsverdlov.app.generic-food-delivery-appTests";
				PRODUCT_NAME = "$(TARGET_NAME)";
				SWIFT_EMIT_LOC_STRINGS = NO;
				SWIFT_VERSION = 5.0;
				TARGETED_DEVICE_FAMILY = "1,2";
				TEST_HOST = "$(BUILT_PRODUCTS_DIR)/generic-food-delivery-app.app/$(BUNDLE_EXECUTABLE_FOLDER_PATH)/generic-food-delivery-app";
			};
			name = Release;
		};
		0E6557942AEFE52200CB4094 /* Debug */ = {
			isa = XCBuildConfiguration;
			buildSettings = {
				ALWAYS_EMBED_SWIFT_STANDARD_LIBRARIES = YES;
				CODE_SIGN_STYLE = Automatic;
				CURRENT_PROJECT_VERSION = 1;
				DEVELOPMENT_TEAM = VSV8CRC85G;
				GENERATE_INFOPLIST_FILE = YES;
				MARKETING_VERSION = 1.0;
				PRODUCT_BUNDLE_IDENTIFIER = "com.bsverdlov.app.generic-food-delivery-appUITests";
				PRODUCT_NAME = "$(TARGET_NAME)";
				SWIFT_EMIT_LOC_STRINGS = NO;
				SWIFT_VERSION = 5.0;
				TARGETED_DEVICE_FAMILY = "1,2";
				TEST_TARGET_NAME = "generic-food-delivery-app";
			};
			name = Debug;
		};
		0E6557952AEFE52200CB4094 /* Release */ = {
			isa = XCBuildConfiguration;
			buildSettings = {
				ALWAYS_EMBED_SWIFT_STANDARD_LIBRARIES = YES;
				CODE_SIGN_STYLE = Automatic;
				CURRENT_PROJECT_VERSION = 1;
				DEVELOPMENT_TEAM = VSV8CRC85G;
				GENERATE_INFOPLIST_FILE = YES;
				MARKETING_VERSION = 1.0;
				PRODUCT_BUNDLE_IDENTIFIER = "com.bsverdlov.app.generic-food-delivery-appUITests";
				PRODUCT_NAME = "$(TARGET_NAME)";
				SWIFT_EMIT_LOC_STRINGS = NO;
				SWIFT_VERSION = 5.0;
				TARGETED_DEVICE_FAMILY = "1,2";
				TEST_TARGET_NAME = "generic-food-delivery-app";
			};
			name = Release;
		};
/* End XCBuildConfiguration section */

/* Begin XCConfigurationList section */
		0E6557642AEFE51B00CB4094 /* Build configuration list for PBXProject "generic-food-delivery-app" */ = {
			isa = XCConfigurationList;
			buildConfigurations = (
				0E65578B2AEFE52200CB4094 /* Debug */,
				0E65578C2AEFE52200CB4094 /* Release */,
			);
			defaultConfigurationIsVisible = 0;
			defaultConfigurationName = Release;
		};
		0E65578D2AEFE52200CB4094 /* Build configuration list for PBXNativeTarget "generic-food-delivery-app" */ = {
			isa = XCConfigurationList;
			buildConfigurations = (
				0E65578E2AEFE52200CB4094 /* Debug */,
				0E65578F2AEFE52200CB4094 /* Release */,
			);
			defaultConfigurationIsVisible = 0;
			defaultConfigurationName = Release;
		};
		0E6557902AEFE52200CB4094 /* Build configuration list for PBXNativeTarget "generic-food-delivery-appTests" */ = {
			isa = XCConfigurationList;
			buildConfigurations = (
				0E6557912AEFE52200CB4094 /* Debug */,
				0E6557922AEFE52200CB4094 /* Release */,
			);
			defaultConfigurationIsVisible = 0;
			defaultConfigurationName = Release;
		};
		0E6557932AEFE52200CB4094 /* Build configuration list for PBXNativeTarget "generic-food-delivery-appUITests" */ = {
			isa = XCConfigurationList;
			buildConfigurations = (
				0E6557942AEFE52200CB4094 /* Debug */,
				0E6557952AEFE52200CB4094 /* Release */,
			);
			defaultConfigurationIsVisible = 0;
			defaultConfigurationName = Release;
		};
/* End XCConfigurationList section */

/* Begin XCRemoteSwiftPackageReference section */
		0E1F3C092AFFD2150009697A /* XCRemoteSwiftPackageReference "Swinject" */ = {
			isa = XCRemoteSwiftPackageReference;
			repositoryURL = "https://github.com/Swinject/Swinject.git";
			requirement = {
				kind = upToNextMajorVersion;
				minimumVersion = 2.8.4;
			};
		};
		0E1F3C0F2AFFD2460009697A /* XCRemoteSwiftPackageReference "Alamofire" */ = {
			isa = XCRemoteSwiftPackageReference;
			repositoryURL = "https://github.com/Alamofire/Alamofire.git";
			requirement = {
				kind = upToNextMajorVersion;
				minimumVersion = 5.8.1;
			};
		};
		0E1F3C182AFFD28E0009697A /* XCRemoteSwiftPackageReference "mockingbird" */ = {
			isa = XCRemoteSwiftPackageReference;
			repositoryURL = "https://github.com/birdrides/mockingbird.git";
			requirement = {
				kind = upToNextMajorVersion;
				minimumVersion = 0.20.0;
			};
		};
		0E2B4F902B03B78E00AB9D91 /* XCRemoteSwiftPackageReference "SDWebImageSwiftUI" */ = {
			isa = XCRemoteSwiftPackageReference;
			repositoryURL = "https://github.com/SDWebImage/SDWebImageSwiftUI.git";
			requirement = {
				kind = upToNextMajorVersion;
				minimumVersion = 2.2.4;
			};
		};
/* End XCRemoteSwiftPackageReference section */

/* Begin XCSwiftPackageProductDependency section */
		0E1F3C0A2AFFD2200009697A /* Swinject */ = {
			isa = XCSwiftPackageProductDependency;
			package = 0E1F3C092AFFD2150009697A /* XCRemoteSwiftPackageReference "Swinject" */;
			productName = Swinject;
		};
		0E1F3C102AFFD2460009697A /* Alamofire */ = {
			isa = XCSwiftPackageProductDependency;
			package = 0E1F3C0F2AFFD2460009697A /* XCRemoteSwiftPackageReference "Alamofire" */;
			productName = Alamofire;
		};
		0E1F3C192AFFD28E0009697A /* Mockingbird */ = {
			isa = XCSwiftPackageProductDependency;
			package = 0E1F3C182AFFD28E0009697A /* XCRemoteSwiftPackageReference "mockingbird" */;
			productName = Mockingbird;
		};
		0E1F3C1B2AFFD29A0009697A /* Mockingbird */ = {
			isa = XCSwiftPackageProductDependency;
			package = 0E1F3C182AFFD28E0009697A /* XCRemoteSwiftPackageReference "mockingbird" */;
			productName = Mockingbird;
		};
		0E2B4F912B03B78E00AB9D91 /* SDWebImageSwiftUI */ = {
			isa = XCSwiftPackageProductDependency;
			package = 0E2B4F902B03B78E00AB9D91 /* XCRemoteSwiftPackageReference "SDWebImageSwiftUI" */;
			productName = SDWebImageSwiftUI;
		};
/* End XCSwiftPackageProductDependency section */
	};
	rootObject = 0E6557612AEFE51B00CB4094 /* Project object */;
}
